
Microsoft Visual Studio Solution File, Format Version 12.00
# Visual Studio 2012
Project("{FAE04EC0-301F-11D3-BF4B-00C04F79EFBC}") = "voice bot", "voice bot\voice bot.csproj", "{22518FE4-05FA-4B9A-890B-BFEE82B12C85}"
EndProject
Global
	GlobalSection(SolutionConfigurationPlatforms) = preSolution
		Debug|Any CPU = Debug|Any CPU
		Release|Any CPU = Release|Any CPU
	EndGlobalSection
	GlobalSection(ProjectConfigurationPlatforms) = postSolution
		{22518FE4-05FA-4B9A-890B-BFEE82B12C85}.Debug|Any CPU.ActiveCfg = Debug|Any CPU
		{22518FE4-05FA-4B9A-890B-BFEE82B12C85}.Debug|Any CPU.Build.0 = Debug|Any CPU
		{22518FE4-05FA-4B9A-890B-BFEE82B12C85}.Release|Any CPU.ActiveCfg = Release|Any CPU
		{22518FE4-05FA-4B9A-890B-BFEE82B12C85}.Release|Any CPU.Build.0 = Release|Any CPU
	EndGlobalSection
	GlobalSection(SolutionProperties) = preSolution
		HideSolutionNode = FALSE
	EndGlobalSection
EndGlobal
